
Microsoft Visual Studio Solution File, Format Version 12.00
# Visual Studio Version 16
VisualStudioVersion = 25.0.1700.5
MinimumVisualStudioVersion = 10.0.40219.1
Project("{FAE04EC0-301F-11D3-BF4B-00C04F79EFBC}") = "FormOCR", "FormOCR.csproj", "{23960CD8-6114-4135-A7B8-C2B14513E6E8}"
EndProject
Project("{FAE04EC0-301F-11D3-BF4B-00C04F79EFBC}") = "formocrtest", "formocrtest\formocrtest.csproj", "{1C40E991-4DFC-4170-BB4A-5D1CC8102C6B}"
EndProject
Global
	GlobalSection(SolutionConfigurationPlatforms) = preSolution
		Debug|Any CPU = Debug|Any CPU
		Release|Any CPU = Release|Any CPU
	EndGlobalSection
	GlobalSection(ProjectConfigurationPlatforms) = postSolution
		{23960CD8-6114-4135-A7B8-C2B14513E6E8}.Debug|Any CPU.ActiveCfg = Debug|Any CPU
		{23960CD8-6114-4135-A7B8-C2B14513E6E8}.Debug|Any CPU.Build.0 = Debug|Any CPU
		{23960CD8-6114-4135-A7B8-C2B14513E6E8}.Release|Any CPU.ActiveCfg = Release|Any CPU
		{23960CD8-6114-4135-A7B8-C2B14513E6E8}.Release|Any CPU.Build.0 = Release|Any CPU
		{1C40E991-4DFC-4170-BB4A-5D1CC8102C6B}.Debug|Any CPU.ActiveCfg = Debug|Any CPU
		{1C40E991-4DFC-4170-BB4A-5D1CC8102C6B}.Debug|Any CPU.Build.0 = Debug|Any CPU
		{1C40E991-4DFC-4170-BB4A-5D1CC8102C6B}.Release|Any CPU.ActiveCfg = Release|Any CPU
		{1C40E991-4DFC-4170-BB4A-5D1CC8102C6B}.Release|Any CPU.Build.0 = Release|Any CPU
	EndGlobalSection
	GlobalSection(SolutionProperties) = preSolution
		HideSolutionNode = FALSE
	EndGlobalSection
	GlobalSection(ExtensibilityGlobals) = postSolution
		SolutionGuid = {356D79BD-EF57-403F-94AA-0CE4115CAD70}
	EndGlobalSection
EndGlobal
